
Microsoft Visual Studio Solution File, Format Version 12.00
# Visual Studio Version 17
VisualStudioVersion = 17.1.32210.238
MinimumVisualStudioVersion = 10.0.40219.1
Project("{8BC9CEB8-8B4A-11D0-8D11-00A0C91BC942}") = "Section 8 Challenge", "Section 8 Challenge\Section 8 Challenge.vcxproj", "{17D8D202-2AE2-4706-AAB3-DFF80D4F3A04}"
EndProject
Global
	GlobalSection(SolutionConfigurationPlatforms) = preSolution
		Debug|x64 = Debug|x64
		Debug|x86 = Debug|x86
		Release|x64 = Release|x64
		Release|x86 = Release|x86
	EndGlobalSection
	GlobalSection(ProjectConfigurationPlatforms) = postSolution
		{17D8D202-2AE2-4706-AAB3-DFF80D4F3A04}.Debug|x64.ActiveCfg = Debug|x64
		{17D8D202-2AE2-4706-AAB3-DFF80D4F3A04}.Debug|x64.Build.0 = Debug|x64
		{17D8D202-2AE2-4706-AAB3-DFF80D4F3A04}.Debug|x86.ActiveCfg = Debug|Win32
		{17D8D202-2AE2-4706-AAB3-DFF80D4F3A04}.Debug|x86.Build.0 = Debug|Win32
		{17D8D202-2AE2-4706-AAB3-DFF80D4F3A04}.Release|x64.ActiveCfg = Release|x64
		{17D8D202-2AE2-4706-AAB3-DFF80D4F3A04}.Release|x64.Build.0 = Release|x64
		{17D8D202-2AE2-4706-AAB3-DFF80D4F3A04}.Release|x86.ActiveCfg = Release|Win32
		{17D8D202-2AE2-4706-AAB3-DFF80D4F3A04}.Release|x86.Build.0 = Release|Win32
	EndGlobalSection
	GlobalSection(SolutionProperties) = preSolution
		HideSolutionNode = FALSE
	EndGlobalSection
	GlobalSection(ExtensibilityGlobals) = postSolution
		SolutionGuid = {E65B28A7-406F-4D08-B0FF-4AC5501DB062}
	EndGlobalSection
EndGlobal
