
Microsoft Visual Studio Solution File, Format Version 12.00
# Visual Studio Version 17
VisualStudioVersion = 17.1.32210.238
MinimumVisualStudioVersion = 10.0.40219.1
Project("{8BC9CEB8-8B4A-11D0-8D11-00A0C91BC942}") = "Relational Operators", "Relational Operators\Relational Operators.vcxproj", "{DFACEC44-2981-4AF7-AA72-EFFAE55EBDCE}"
EndProject
Global
	GlobalSection(SolutionConfigurationPlatforms) = preSolution
		Debug|x64 = Debug|x64
		Debug|x86 = Debug|x86
		Release|x64 = Release|x64
		Release|x86 = Release|x86
	EndGlobalSection
	GlobalSection(ProjectConfigurationPlatforms) = postSolution
		{DFACEC44-2981-4AF7-AA72-EFFAE55EBDCE}.Debug|x64.ActiveCfg = Debug|x64
		{DFACEC44-2981-4AF7-AA72-EFFAE55EBDCE}.Debug|x64.Build.0 = Debug|x64
		{DFACEC44-2981-4AF7-AA72-EFFAE55EBDCE}.Debug|x86.ActiveCfg = Debug|Win32
		{DFACEC44-2981-4AF7-AA72-EFFAE55EBDCE}.Debug|x86.Build.0 = Debug|Win32
		{DFACEC44-2981-4AF7-AA72-EFFAE55EBDCE}.Release|x64.ActiveCfg = Release|x64
		{DFACEC44-2981-4AF7-AA72-EFFAE55EBDCE}.Release|x64.Build.0 = Release|x64
		{DFACEC44-2981-4AF7-AA72-EFFAE55EBDCE}.Release|x86.ActiveCfg = Release|Win32
		{DFACEC44-2981-4AF7-AA72-EFFAE55EBDCE}.Release|x86.Build.0 = Release|Win32
	EndGlobalSection
	GlobalSection(SolutionProperties) = preSolution
		HideSolutionNode = FALSE
	EndGlobalSection
	GlobalSection(ExtensibilityGlobals) = postSolution
		SolutionGuid = {9522D85C-CE06-44FF-B248-5090BD8B599B}
	EndGlobalSection
EndGlobal
