
Microsoft Visual Studio Solution File, Format Version 12.00
# Visual Studio Version 17
VisualStudioVersion = 17.1.32210.238
MinimumVisualStudioVersion = 10.0.40219.1
Project("{8BC9CEB8-8B4A-11D0-8D11-00A0C91BC942}") = "Switch Statements", "Switch Statements\Switch Statements.vcxproj", "{EF011FEA-63BD-4F4B-902C-1DE02F81170D}"
EndProject
Global
	GlobalSection(SolutionConfigurationPlatforms) = preSolution
		Debug|x64 = Debug|x64
		Debug|x86 = Debug|x86
		Release|x64 = Release|x64
		Release|x86 = Release|x86
	EndGlobalSection
	GlobalSection(ProjectConfigurationPlatforms) = postSolution
		{EF011FEA-63BD-4F4B-902C-1DE02F81170D}.Debug|x64.ActiveCfg = Debug|x64
		{EF011FEA-63BD-4F4B-902C-1DE02F81170D}.Debug|x64.Build.0 = Debug|x64
		{EF011FEA-63BD-4F4B-902C-1DE02F81170D}.Debug|x86.ActiveCfg = Debug|Win32
		{EF011FEA-63BD-4F4B-902C-1DE02F81170D}.Debug|x86.Build.0 = Debug|Win32
		{EF011FEA-63BD-4F4B-902C-1DE02F81170D}.Release|x64.ActiveCfg = Release|x64
		{EF011FEA-63BD-4F4B-902C-1DE02F81170D}.Release|x64.Build.0 = Release|x64
		{EF011FEA-63BD-4F4B-902C-1DE02F81170D}.Release|x86.ActiveCfg = Release|Win32
		{EF011FEA-63BD-4F4B-902C-1DE02F81170D}.Release|x86.Build.0 = Release|Win32
	EndGlobalSection
	GlobalSection(SolutionProperties) = preSolution
		HideSolutionNode = FALSE
	EndGlobalSection
	GlobalSection(ExtensibilityGlobals) = postSolution
		SolutionGuid = {A929D851-D920-4890-BAEC-E4E9D29A7B44}
	EndGlobalSection
EndGlobal
